
Microsoft Visual Studio Solution File, Format Version 12.00
# Visual Studio Version 16
VisualStudioVersion = 16.0.28922.388
MinimumVisualStudioVersion = 10.0.40219.1
Project("{FAE04EC0-301F-11D3-BF4B-00C04F79EFBC}") = "Learning", "Learning\Learning.csproj", "{43516D17-3A06-4D36-8D0C-5C5AB9BFEEF4}"
EndProject
Project("{FAE04EC0-301F-11D3-BF4B-00C04F79EFBC}") = "ApiLearning", "ApiLearning\ApiLearning.csproj", "{876A1B9A-A3D5-4D24-BF3D-06063C2FAA3E}"
EndProject
Project("{FAE04EC0-301F-11D3-BF4B-00C04F79EFBC}") = "LearningLineBotApp", "LearningLineBotApp\LearningLineBotApp.csproj", "{A4FC0968-98DB-48ED-88E2-511B1DDDE66E}"
EndProject
Project("{FAE04EC0-301F-11D3-BF4B-00C04F79EFBC}") = "SignalRSample", "SignalRSample\SignalRSample.csproj", "{6755B73D-9026-49B1-BF32-69CDED5A0E1C}"
EndProject
Global
	GlobalSection(SolutionConfigurationPlatforms) = preSolution
		Debug|Any CPU = Debug|Any CPU
		Release|Any CPU = Release|Any CPU
	EndGlobalSection
	GlobalSection(ProjectConfigurationPlatforms) = postSolution
		{43516D17-3A06-4D36-8D0C-5C5AB9BFEEF4}.Debug|Any CPU.ActiveCfg = Debug|Any CPU
		{43516D17-3A06-4D36-8D0C-5C5AB9BFEEF4}.Debug|Any CPU.Build.0 = Debug|Any CPU
		{43516D17-3A06-4D36-8D0C-5C5AB9BFEEF4}.Release|Any CPU.ActiveCfg = Release|Any CPU
		{43516D17-3A06-4D36-8D0C-5C5AB9BFEEF4}.Release|Any CPU.Build.0 = Release|Any CPU
		{876A1B9A-A3D5-4D24-BF3D-06063C2FAA3E}.Debug|Any CPU.ActiveCfg = Debug|Any CPU
		{876A1B9A-A3D5-4D24-BF3D-06063C2FAA3E}.Debug|Any CPU.Build.0 = Debug|Any CPU
		{876A1B9A-A3D5-4D24-BF3D-06063C2FAA3E}.Release|Any CPU.ActiveCfg = Release|Any CPU
		{876A1B9A-A3D5-4D24-BF3D-06063C2FAA3E}.Release|Any CPU.Build.0 = Release|Any CPU
		{A4FC0968-98DB-48ED-88E2-511B1DDDE66E}.Debug|Any CPU.ActiveCfg = Debug|Any CPU
		{A4FC0968-98DB-48ED-88E2-511B1DDDE66E}.Debug|Any CPU.Build.0 = Debug|Any CPU
		{A4FC0968-98DB-48ED-88E2-511B1DDDE66E}.Release|Any CPU.ActiveCfg = Release|Any CPU
		{A4FC0968-98DB-48ED-88E2-511B1DDDE66E}.Release|Any CPU.Build.0 = Release|Any CPU
		{6755B73D-9026-49B1-BF32-69CDED5A0E1C}.Debug|Any CPU.ActiveCfg = Debug|Any CPU
		{6755B73D-9026-49B1-BF32-69CDED5A0E1C}.Debug|Any CPU.Build.0 = Debug|Any CPU
		{6755B73D-9026-49B1-BF32-69CDED5A0E1C}.Release|Any CPU.ActiveCfg = Release|Any CPU
		{6755B73D-9026-49B1-BF32-69CDED5A0E1C}.Release|Any CPU.Build.0 = Release|Any CPU
	EndGlobalSection
	GlobalSection(SolutionProperties) = preSolution
		HideSolutionNode = FALSE
	EndGlobalSection
	GlobalSection(ExtensibilityGlobals) = postSolution
		SolutionGuid = {73C46C7F-C126-415B-A69D-98BBB9ECFAFF}
	EndGlobalSection
EndGlobal
